
Microsoft Visual Studio Solution File, Format Version 12.00
# Visual Studio 14
VisualStudioVersion = 14.0.24720.0
MinimumVisualStudioVersion = 10.0.40219.1
Project("{8BC9CEB8-8B4A-11D0-8D11-00A0C91BC942}") = "libunified", "unified\libunified\libunified.vcxproj", "{979BEF7B-0809-4239-AD34-DCE52447B09B}"
EndProject
Project("{8BC9CEB8-8B4A-11D0-8D11-00A0C91BC942}") = "BonDriver_Ux", "bond\BonDriver_Ux\src\BonDriver_Ux.vcxproj", "{81F87904-D063-4871-81F5-3054A4B93EE5}"
EndProject
Project("{8BC9CEB8-8B4A-11D0-8D11-00A0C91BC942}") = "BonDriver_Bulldog", "bond\BonDriver_Bulldog\src\BonDriver_Bulldog.vcxproj", "{18DFAF41-8C4D-460E-BC41-3F1A39CA93E6}"
EndProject
Global
	GlobalSection(SolutionConfigurationPlatforms) = preSolution
		Debug|Win32 = Debug|Win32
		Debug|x64 = Debug|x64
		Release|Win32 = Release|Win32
		Release|x64 = Release|x64
	EndGlobalSection
	GlobalSection(ProjectConfigurationPlatforms) = postSolution
		{979BEF7B-0809-4239-AD34-DCE52447B09B}.Debug|Win32.ActiveCfg = Debug|Win32
		{979BEF7B-0809-4239-AD34-DCE52447B09B}.Debug|Win32.Build.0 = Debug|Win32
		{979BEF7B-0809-4239-AD34-DCE52447B09B}.Debug|Win32.Deploy.0 = Debug|Win32
		{979BEF7B-0809-4239-AD34-DCE52447B09B}.Debug|x64.ActiveCfg = Debug|x64
		{979BEF7B-0809-4239-AD34-DCE52447B09B}.Debug|x64.Build.0 = Debug|x64
		{979BEF7B-0809-4239-AD34-DCE52447B09B}.Release|Win32.ActiveCfg = Release|Win32
		{979BEF7B-0809-4239-AD34-DCE52447B09B}.Release|Win32.Build.0 = Release|Win32
		{979BEF7B-0809-4239-AD34-DCE52447B09B}.Release|x64.ActiveCfg = Release|x64
		{979BEF7B-0809-4239-AD34-DCE52447B09B}.Release|x64.Build.0 = Release|x64
		{81F87904-D063-4871-81F5-3054A4B93EE5}.Debug|Win32.ActiveCfg = Debug|Win32
		{81F87904-D063-4871-81F5-3054A4B93EE5}.Debug|Win32.Build.0 = Debug|Win32
		{81F87904-D063-4871-81F5-3054A4B93EE5}.Debug|x64.ActiveCfg = Debug|x64
		{81F87904-D063-4871-81F5-3054A4B93EE5}.Debug|x64.Build.0 = Debug|x64
		{81F87904-D063-4871-81F5-3054A4B93EE5}.Release|Win32.ActiveCfg = Release|Win32
		{81F87904-D063-4871-81F5-3054A4B93EE5}.Release|Win32.Build.0 = Release|Win32
		{81F87904-D063-4871-81F5-3054A4B93EE5}.Release|x64.ActiveCfg = Release|x64
		{81F87904-D063-4871-81F5-3054A4B93EE5}.Release|x64.Build.0 = Release|x64
		{18DFAF41-8C4D-460E-BC41-3F1A39CA93E6}.Debug|Win32.ActiveCfg = Debug|Win32
		{18DFAF41-8C4D-460E-BC41-3F1A39CA93E6}.Debug|Win32.Build.0 = Debug|Win32
		{18DFAF41-8C4D-460E-BC41-3F1A39CA93E6}.Debug|x64.ActiveCfg = Debug|x64
		{18DFAF41-8C4D-460E-BC41-3F1A39CA93E6}.Debug|x64.Build.0 = Debug|x64
		{18DFAF41-8C4D-460E-BC41-3F1A39CA93E6}.Release|Win32.ActiveCfg = Release|Win32
		{18DFAF41-8C4D-460E-BC41-3F1A39CA93E6}.Release|Win32.Build.0 = Release|Win32
		{18DFAF41-8C4D-460E-BC41-3F1A39CA93E6}.Release|x64.ActiveCfg = Release|x64
		{18DFAF41-8C4D-460E-BC41-3F1A39CA93E6}.Release|x64.Build.0 = Release|x64
	EndGlobalSection
	GlobalSection(SolutionProperties) = preSolution
		HideSolutionNode = FALSE
	EndGlobalSection
EndGlobal
