<?xml version="1.0" encoding="utf-8"?>
<Project ToolsVersion="4.0" xmlns="http://schemas.microsoft.com/developer/msbuild/2003">
  <ItemGroup>
    <Filter Include="Source Files">
      <UniqueIdentifier>{6f6b8bcf-9d28-452a-9091-ea3489bb4478}</UniqueIdentifier>
      <Extensions>cpp;c;cxx;rc;def;r;odl;idl;hpj;bat</Extensions>
    </Filter>
    <Filter Include="Header Files">
      <UniqueIdentifier>{92ce670a-abed-4230-af44-1cef6951f149}</UniqueIdentifier>
      <Extensions>h;hpp;hxx;hm;inl</Extensions>
    </Filter>
    <Filter Include="Resource Files">
      <UniqueIdentifier>{5d929ef6-81b5-42bd-91c7-d3a60bc75d8e}</UniqueIdentifier>
      <Extensions>*.rc</Extensions>
    </Filter>
    <Filter Include="TC90532">
      <UniqueIdentifier>{71fc3394-32bc-4d0a-a8a0-fa33f8c068a3}</UniqueIdentifier>
    </Filter>
  </ItemGroup>
  <ItemGroup>
    <ClCompile Include="BonDriver.cpp">
      <Filter>Source Files</Filter>
    </ClCompile>
    <ClCompile Include="BonTuner.cpp">
      <Filter>Source Files</Filter>
    </ClCompile>
    <ClCompile Include="stdafx.cpp">
      <Filter>Source Files</Filter>
    </ClCompile>
    <ClCompile Include="TC90532\MxL5007.cpp">
      <Filter>TC90532</Filter>
    </ClCompile>
    <ClCompile Include="TC90532\tc90532.cpp">
      <Filter>TC90532</Filter>
    </ClCompile>
  </ItemGroup>
  <ItemGroup>
    <ClInclude Include="BonTuner.h">
      <Filter>Header Files</Filter>
    </ClInclude>
    <ClInclude Include="Resource.h">
      <Filter>Header Files</Filter>
    </ClInclude>
    <ClInclude Include="stdafx.h">
      <Filter>Header Files</Filter>
    </ClInclude>
    <ClInclude Include="TC90532\MxL5007.h">
      <Filter>TC90532</Filter>
    </ClInclude>
    <ClInclude Include="TC90532\tc90532.h">
      <Filter>TC90532</Filter>
    </ClInclude>
  </ItemGroup>
  <ItemGroup>
    <ResourceCompile Include="BonDriver.rc">
      <Filter>Resource Files</Filter>
    </ResourceCompile>
  </ItemGroup>
</Project>